<?xml version="1.0" encoding="utf-8"?>
<Project ToolsVersion="4.0" xmlns="http://schemas.microsoft.com/developer/msbuild/2003">
  <ItemGroup>
    <Filter Include="源文件">
      <UniqueIdentifier>{4FC737F1-C7A5-4376-A066-2A32D752A2FF}</UniqueIdentifier>
      <Extensions>cpp;c;cc;cxx;c++;cppm;ixx;def;odl;idl;hpj;bat;asm;asmx</Extensions>
    </Filter>
    <Filter Include="头文件">
      <UniqueIdentifier>{93995380-89BD-4b04-88EB-625FBE52EBFB}</UniqueIdentifier>
      <Extensions>h;hh;hpp;hxx;h++;hm;inl;inc;ipp;xsd</Extensions>
    </Filter>
    <Filter Include="资源文件">
      <UniqueIdentifier>{67DA6AB6-F800-4c08-8B7A-83BB121AAD01}</UniqueIdentifier>
      <Extensions>rc;ico;cur;bmp;dlg;rc2;rct;bin;rgs;gif;jpg;jpeg;jpe;resx;tiff;tif;png;wav;mfcribbon-ms</Extensions>
    </Filter>
  </ItemGroup>
  <ItemGroup>
    <ClCompile Include="main.cpp">
      <Filter>源文件</Filter>
    </ClCompile>
    <ClCompile Include="tools\file_watcher.cpp">
      <Filter>源文件</Filter>
    </ClCompile>
    <ClCompile Include="tools\shader_compiler.cpp">
      <Filter>源文件</Filter>
    </ClCompile>
    <ClCompile Include="tools\image_helper.cpp">
      <Filter>源文件</Filter>
    </ClCompile>
    <ClCompile Include="tools\font_loader.cpp">
      <Filter>源文件</Filter>
    </ClCompile>
    <ClCompile Include="tools\string_helper.cpp">
      <Filter>源文件</Filter>
    </ClCompile>
    <ClCompile Include="tools\model_loader.cpp">
      <Filter>源文件</Filter>
    </ClCompile>
    <ClCompile Include="tools\record_loader.cpp">
      <Filter>源文件</Filter>
    </ClCompile>
    <ClCompile Include="vulkan_core\vulkan_commandbuffer.cpp">
      <Filter>源文件</Filter>
    </ClCompile>
    <ClCompile Include="vulkan_core\vulkan_buffer.cpp">
      <Filter>源文件</Filter>
    </ClCompile>
    <ClCompile Include="vulkan_core\vulkan_common.cpp">
      <Filter>源文件</Filter>
    </ClCompile>
    <ClCompile Include="vulkan_core\vulkan_pipeline.cpp">
      <Filter>源文件</Filter>
    </ClCompile>
    <ClCompile Include="vulkan_core\vulkan_queue.cpp">
      <Filter>源文件</Filter>
    </ClCompile>
    <ClCompile Include="vulkan_core\vulkan_swapchain.cpp">
      <Filter>源文件</Filter>
    </ClCompile>
    <ClCompile Include="vulkan_core\vulkan_image.cpp">
      <Filter>源文件</Filter>
    </ClCompile>
    <ClCompile Include="vulkan_core\vulkan_application.cpp">
      <Filter>源文件</Filter>
    </ClCompile>
    <ClCompile Include="scene\scene_camera.cpp">
      <Filter>源文件</Filter>
    </ClCompile>
    <ClCompile Include="ui\ui_manager.cpp">
      <Filter>源文件</Filter>
    </ClCompile>
    <ClCompile Include="scene\scene_manager.cpp">
      <Filter>源文件</Filter>
    </ClCompile>
    <ClCompile Include="tools\ocio_helper.cpp">
      <Filter>源文件</Filter>
    </ClCompile>
    <ClCompile Include="vulkan_core\vulkan_descriptor.cpp">
      <Filter>源文件</Filter>
    </ClCompile>
    <ClCompile Include="vulkan_core\vulkan_acceleration_structure.cpp">
      <Filter>源文件</Filter>
    </ClCompile>
    <ClCompile Include="vulkan_core\vulkan_shader_binding_table.cpp">
      <Filter>源文件</Filter>
    </ClCompile>
    <ClCompile Include="scene\scene_material.cpp">
      <Filter>源文件</Filter>
    </ClCompile>
    <ClCompile Include="scene\scene_material_manager.cpp">
      <Filter>源文件</Filter>
    </ClCompile>
    <ClCompile Include="ui\ui_record.cpp">
      <Filter>源文件</Filter>
    </ClCompile>
    <ClCompile Include="scene\scene_model.cpp">
      <Filter>源文件</Filter>
    </ClCompile>
    <ClCompile Include="scene\scene_model_manager.cpp">
      <Filter>源文件</Filter>
    </ClCompile>
    <ClCompile Include="scene\scene_light.cpp">
      <Filter>源文件</Filter>
    </ClCompile>
    <ClCompile Include="scene\scene_light_manager.cpp">
      <Filter>源文件</Filter>
    </ClCompile>
    <ClCompile Include="ui\ui_light.cpp">
      <Filter>源文件</Filter>
    </ClCompile>
    <ClCompile Include="ui\ui_camera.cpp">
      <Filter>源文件</Filter>
    </ClCompile>
    <ClCompile Include="ui\ui_node.cpp">
      <Filter>源文件</Filter>
    </ClCompile>
    <ClCompile Include="ui\ui_base.cpp">
      <Filter>源文件</Filter>
    </ClCompile>
    <ClCompile Include="vulkan_core\vulkan_semaphore.cpp">
      <Filter>源文件</Filter>
    </ClCompile>
    <ClCompile Include="vulkan_core\vulkan_recycle_bin.cpp">
      <Filter>源文件</Filter>
    </ClCompile>
    <ClCompile Include="vulkan_core\vulkan_device.cpp">
      <Filter>源文件</Filter>
    </ClCompile>
    <ClCompile Include="vulkan_core\vulkan_physical_device.cpp">
      <Filter>源文件</Filter>
    </ClCompile>
  </ItemGroup>
  <ItemGroup>
    <ClInclude Include="tools\file_watcher.h">
      <Filter>头文件</Filter>
    </ClInclude>
    <ClInclude Include="tools\shader_compiler.h">
      <Filter>头文件</Filter>
    </ClInclude>
    <ClInclude Include="tools\image_helper.h">
      <Filter>头文件</Filter>
    </ClInclude>
    <ClInclude Include="tools\font_loader.h">
      <Filter>头文件</Filter>
    </ClInclude>
    <ClInclude Include="tools\string_helper.h">
      <Filter>头文件</Filter>
    </ClInclude>
    <ClInclude Include="tools\model_loader.h">
      <Filter>头文件</Filter>
    </ClInclude>
    <ClInclude Include="tools\record_loader.h">
      <Filter>头文件</Filter>
    </ClInclude>
    <ClInclude Include="vulkan_core\vulkan_commandbuffer.h">
      <Filter>头文件</Filter>
    </ClInclude>
    <ClInclude Include="vulkan_core\vulkan_buffer.h">
      <Filter>头文件</Filter>
    </ClInclude>
    <ClInclude Include="vulkan_core\vulkan_common.h">
      <Filter>头文件</Filter>
    </ClInclude>
    <ClInclude Include="vulkan_core\vulkan_pipeline.h">
      <Filter>头文件</Filter>
    </ClInclude>
    <ClInclude Include="vulkan_core\vulkan_queue.h">
      <Filter>头文件</Filter>
    </ClInclude>
    <ClInclude Include="vulkan_core\vulkan_swapchain.h">
      <Filter>头文件</Filter>
    </ClInclude>
    <ClInclude Include="vulkan_core\vulkan_image.h">
      <Filter>头文件</Filter>
    </ClInclude>
    <ClInclude Include="vulkan_core\vulkan_application.h">
      <Filter>头文件</Filter>
    </ClInclude>
    <ClInclude Include="scene\scene_camera.h">
      <Filter>头文件</Filter>
    </ClInclude>
    <ClInclude Include="ui\ui_manager.h">
      <Filter>头文件</Filter>
    </ClInclude>
    <ClInclude Include="scene\scene_manager.h">
      <Filter>头文件</Filter>
    </ClInclude>
    <ClInclude Include="tools\ocio_helper.h">
      <Filter>头文件</Filter>
    </ClInclude>
    <ClInclude Include="vulkan_core\vulkan_descriptor.h">
      <Filter>头文件</Filter>
    </ClInclude>
    <ClInclude Include="vulkan_core\vulkan_acceleration_structure.h">
      <Filter>头文件</Filter>
    </ClInclude>
    <ClInclude Include="vulkan_core\vulkan_shader_binding_table.h">
      <Filter>头文件</Filter>
    </ClInclude>
    <ClInclude Include="scene\scene_material.h">
      <Filter>头文件</Filter>
    </ClInclude>
    <ClInclude Include="scene\scene_material_manager.h">
      <Filter>头文件</Filter>
    </ClInclude>
    <ClInclude Include="ui\ui_record.h">
      <Filter>头文件</Filter>
    </ClInclude>
    <ClInclude Include="scene\scene_model.h">
      <Filter>头文件</Filter>
    </ClInclude>
    <ClInclude Include="scene\scene_model_manager.h">
      <Filter>头文件</Filter>
    </ClInclude>
    <ClInclude Include="scene\scene_light.h">
      <Filter>头文件</Filter>
    </ClInclude>
    <ClInclude Include="scene\scene_light_manager.h">
      <Filter>头文件</Filter>
    </ClInclude>
    <ClInclude Include="ui\ui_light.h">
      <Filter>头文件</Filter>
    </ClInclude>
    <ClInclude Include="ui\ui_camera.h">
      <Filter>头文件</Filter>
    </ClInclude>
    <ClInclude Include="ui\ui_node.h">
      <Filter>头文件</Filter>
    </ClInclude>
    <ClInclude Include="ui\ui_base.h">
      <Filter>头文件</Filter>
    </ClInclude>
    <ClInclude Include="vulkan_core\vulkan_semaphore.h">
      <Filter>头文件</Filter>
    </ClInclude>
    <ClInclude Include="vulkan_core\vulkan_recycle_bin.h">
      <Filter>头文件</Filter>
    </ClInclude>
    <ClInclude Include="vulkan_core\vulkan_device.h">
      <Filter>头文件</Filter>
    </ClInclude>
    <ClInclude Include="vulkan_core\vulkan_physical_device.h">
      <Filter>头文件</Filter>
    </ClInclude>
  </ItemGroup>
  <ItemGroup>
    <None Include="resources\shaders\blend_image.slang">
      <Filter>资源文件</Filter>
    </None>
    <None Include="resources\shaders\scene_skybox.slang">
      <Filter>资源文件</Filter>
    </None>
    <None Include="resources\shaders\scene_brdflut.slang">
      <Filter>资源文件</Filter>
    </None>
    <None Include="resources\shaders\scene_cubemap.slang">
      <Filter>资源文件</Filter>
    </None>
    <None Include="resources\shaders\ray_tracing.slang">
      <Filter>资源文件</Filter>
    </None>
    <None Include="resources\shaders\rasterization.slang">
      <Filter>资源文件</Filter>
    </None>
    <None Include="resources\shaders\lighting.slang">
      <Filter>资源文件</Filter>
    </None>
    <None Include="resources\shaders\utils.slang">
      <Filter>资源文件</Filter>
    </None>
  </ItemGroup>
</Project>