<?xml version="1.0" encoding="utf-8"?>
<Project ToolsVersion="4.0" xmlns="http://schemas.microsoft.com/developer/msbuild/2003">
  <ItemGroup>
    <Filter Include="源文件">
      <UniqueIdentifier>{4FC737F1-C7A5-4376-A066-2A32D752A2FF}</UniqueIdentifier>
      <Extensions>cpp;c;cc;cxx;c++;cppm;ixx;def;odl;idl;hpj;bat;asm;asmx</Extensions>
    </Filter>
    <Filter Include="头文件">
      <UniqueIdentifier>{93995380-89BD-4b04-88EB-625FBE52EBFB}</UniqueIdentifier>
      <Extensions>h;hh;hpp;hxx;h++;hm;inl;inc;ipp;xsd</Extensions>
    </Filter>
    <Filter Include="资源文件">
      <UniqueIdentifier>{67DA6AB6-F800-4c08-8B7A-83BB121AAD01}</UniqueIdentifier>
      <Extensions>rc;ico;cur;bmp;dlg;rc2;rct;bin;rgs;gif;jpg;jpeg;jpe;resx;tiff;tif;png;wav;mfcribbon-ms</Extensions>
    </Filter>
    <Filter Include="外部模块">
      <UniqueIdentifier>{d7d5805c-ac29-4302-9155-3e005d067df6}</UniqueIdentifier>
    </Filter>
  </ItemGroup>
  <ItemGroup>
    <ClCompile Include="main.cpp">
      <Filter>源文件</Filter>
    </ClCompile>
    <ClCompile Include="..\vcpkg_installed\x64-windows\x64-windows\include\vulkan\vulkan.cppm">
      <Filter>外部模块</Filter>
    </ClCompile>
    <ClCompile Include="..\vcpkg_installed\x64-windows\x64-windows\include\glm\glm.cppm">
      <Filter>外部模块</Filter>
    </ClCompile>
    <ClCompile Include="scene\chess_board.cpp">
      <Filter>源文件</Filter>
    </ClCompile>
    <ClCompile Include="scene\scene_manager.cpp">
      <Filter>源文件</Filter>
    </ClCompile>
    <ClCompile Include="scene\chess_board.ixx">
      <Filter>头文件</Filter>
    </ClCompile>
    <ClCompile Include="tools\file_watcher.ixx">
      <Filter>头文件</Filter>
    </ClCompile>
    <ClCompile Include="scene\scene_manager.ixx">
      <Filter>头文件</Filter>
    </ClCompile>
    <ClCompile Include="tools\shader_compiler.ixx">
      <Filter>头文件</Filter>
    </ClCompile>
    <ClCompile Include="vulkan_core\vulkan_application.ixx">
      <Filter>头文件</Filter>
    </ClCompile>
    <ClCompile Include="vulkan_core\vulkan_commandbuffer.ixx">
      <Filter>头文件</Filter>
    </ClCompile>
    <ClCompile Include="vulkan_core\vulkan_image.ixx">
      <Filter>头文件</Filter>
    </ClCompile>
    <ClCompile Include="vulkan_core\vulkan_pipeline.ixx">
      <Filter>头文件</Filter>
    </ClCompile>
    <ClCompile Include="vulkan_core\vulkan_queue.ixx">
      <Filter>头文件</Filter>
    </ClCompile>
    <ClCompile Include="vulkan_core\vulkan_swapchain.ixx">
      <Filter>头文件</Filter>
    </ClCompile>
    <ClCompile Include="tools\file_watcher.cpp">
      <Filter>源文件</Filter>
    </ClCompile>
    <ClCompile Include="tools\shader_compiler.cpp">
      <Filter>源文件</Filter>
    </ClCompile>
    <ClCompile Include="vulkan_core\vulkan_commandbuffer.cpp">
      <Filter>源文件</Filter>
    </ClCompile>
    <ClCompile Include="vulkan_core\vulkan_pipeline.cpp">
      <Filter>源文件</Filter>
    </ClCompile>
    <ClCompile Include="vulkan_core\vulkan_queue.cpp">
      <Filter>源文件</Filter>
    </ClCompile>
    <ClCompile Include="vulkan_core\vulkan_swapchain.cpp">
      <Filter>源文件</Filter>
    </ClCompile>
    <ClCompile Include="vulkan_core\vulkan_image.cpp">
      <Filter>源文件</Filter>
    </ClCompile>
    <ClCompile Include="vulkan_core\vulkan_application.cpp">
      <Filter>源文件</Filter>
    </ClCompile>
    <ClCompile Include="vulkan_core\vulkan_common.ixx">
      <Filter>头文件</Filter>
    </ClCompile>
    <ClCompile Include="tools\model_loader.cpp">
      <Filter>源文件</Filter>
    </ClCompile>
    <ClCompile Include="vulkan_core\vulkan_buffer.cpp">
      <Filter>源文件</Filter>
    </ClCompile>
    <ClCompile Include="scene\scene_camera.cpp">
      <Filter>源文件</Filter>
    </ClCompile>
    <ClCompile Include="tools\model_loader.ixx">
      <Filter>头文件</Filter>
    </ClCompile>
    <ClCompile Include="scene\scene_camera.ixx">
      <Filter>头文件</Filter>
    </ClCompile>
    <ClCompile Include="vulkan_core\vulkan_buffer.ixx">
      <Filter>头文件</Filter>
    </ClCompile>
    <ClCompile Include="tools\font_loader.cpp">
      <Filter>源文件</Filter>
    </ClCompile>
    <ClCompile Include="scene\chess_board_line.cpp">
      <Filter>源文件</Filter>
    </ClCompile>
    <ClCompile Include="scene\chess_pieces.cpp">
      <Filter>源文件</Filter>
    </ClCompile>
    <ClCompile Include="scene\scene_node.cpp">
      <Filter>源文件</Filter>
    </ClCompile>
    <ClCompile Include="scene\chess_board_line.ixx">
      <Filter>头文件</Filter>
    </ClCompile>
    <ClCompile Include="scene\chess_pieces.ixx">
      <Filter>头文件</Filter>
    </ClCompile>
    <ClCompile Include="tools\font_loader.ixx">
      <Filter>头文件</Filter>
    </ClCompile>
    <ClCompile Include="scene\scene_node.ixx">
      <Filter>头文件</Filter>
    </ClCompile>
    <ClCompile Include="scene\chess_piece\piece_general.cpp">
      <Filter>源文件</Filter>
    </ClCompile>
    <ClCompile Include="scene\chess_piece\piece_guard.cpp">
      <Filter>源文件</Filter>
    </ClCompile>
    <ClCompile Include="scene\chess_piece\piece_general.ixx">
      <Filter>头文件</Filter>
    </ClCompile>
    <ClCompile Include="scene\chess_piece\piece_guard.ixx">
      <Filter>头文件</Filter>
    </ClCompile>
    <ClCompile Include="scene\chess_piece\piece_elephant.cpp">
      <Filter>源文件</Filter>
    </ClCompile>
    <ClCompile Include="scene\chess_piece\piece_horse.cpp">
      <Filter>源文件</Filter>
    </ClCompile>
    <ClCompile Include="scene\chess_piece\piece_chariot.cpp">
      <Filter>源文件</Filter>
    </ClCompile>
    <ClCompile Include="scene\chess_piece\piece_cannon.cpp">
      <Filter>源文件</Filter>
    </ClCompile>
    <ClCompile Include="scene\chess_piece\piece_pawn.cpp">
      <Filter>源文件</Filter>
    </ClCompile>
    <ClCompile Include="scene\chess_piece\piece_cannon.ixx">
      <Filter>头文件</Filter>
    </ClCompile>
    <ClCompile Include="scene\chess_piece\piece_chariot.ixx">
      <Filter>头文件</Filter>
    </ClCompile>
    <ClCompile Include="scene\chess_piece\piece_elephant.ixx">
      <Filter>头文件</Filter>
    </ClCompile>
    <ClCompile Include="scene\chess_piece\piece_horse.ixx">
      <Filter>头文件</Filter>
    </ClCompile>
    <ClCompile Include="scene\chess_piece\piece_pawn.ixx">
      <Filter>头文件</Filter>
    </ClCompile>
    <ClCompile Include="tools\record_loader.cpp">
      <Filter>源文件</Filter>
    </ClCompile>
    <ClCompile Include="scene\chess_piece\piece_base.cpp">
      <Filter>源文件</Filter>
    </ClCompile>
    <ClCompile Include="scene\chess_piece\piece_base.ixx">
      <Filter>头文件</Filter>
    </ClCompile>
    <ClCompile Include="tools\record_loader.ixx">
      <Filter>头文件</Filter>
    </ClCompile>
    <ClCompile Include="tools\image_help.cpp">
      <Filter>源文件</Filter>
    </ClCompile>
    <ClCompile Include="tools\image_help.ixx">
      <Filter>头文件</Filter>
    </ClCompile>
  </ItemGroup>
  <ItemGroup>
    <None Include="resources\shaders\chess_board.slang">
      <Filter>资源文件</Filter>
    </None>
    <None Include="resources\shaders\chess_board_line.slang">
      <Filter>资源文件</Filter>
    </None>
    <None Include="resources\shaders\chess_pieces.slang">
      <Filter>资源文件</Filter>
    </None>
  </ItemGroup>
</Project>